PODS:
  - CNLFoundationTools (0.0.11)

DEPENDENCIES:
  - CNLFoundationTools (from `~/src/ComplexNumbers/CNLFoundationTools`)

EXTERNAL SOURCES:
  CNLFoundationTools:
    :path: "~/src/ComplexNumbers/CNLFoundationTools"

SPEC CHECKSUMS:
  CNLFoundationTools: b6cc0bf36bf878e170d6e401649bfab820bad8ed

PODFILE CHECKSUM: 3d5da684f0a1d45ed97f5b790f0d5bf9c251c178

COCOAPODS: 1.2.0
