PODS:
  - CNLFoundationTools (0.0.7)

DEPENDENCIES:
  - CNLFoundationTools (from `~/src/CNLFoundationTools`)

EXTERNAL SOURCES:
  CNLFoundationTools:
    :path: ~/src/CNLFoundationTools

SPEC CHECKSUMS:
  CNLFoundationTools: ab4d980018ce701d7d70b04f02271ab9d66a6f98

PODFILE CHECKSUM: ca3c25944d48106469020fd252fad74fdc45d767

COCOAPODS: 1.2.0.beta.1
