PODS:
  - CNLFoundationTools (0.0.21)

DEPENDENCIES:
  - CNLFoundationTools (from `git@github.com:megavolt605/CNLFoundationTools.git`)

EXTERNAL SOURCES:
  CNLFoundationTools:
    :git: git@github.com:megavolt605/CNLFoundationTools.git

CHECKOUT OPTIONS:
  CNLFoundationTools:
    :commit: c643330ca4e6b5bac731d64fe8dcf1c2f2d817cc
    :git: git@github.com:megavolt605/CNLFoundationTools.git

SPEC CHECKSUMS:
  CNLFoundationTools: 8273c8786519bad926442b3f3124aeade4d64bf1

PODFILE CHECKSUM: 3fd036f05f8d79d974f324aa8ca8a414480288d6

COCOAPODS: 1.4.0.beta.1
