// !$*UTF8*$!
{
	archiveVersion = 1;
	classes = {
	};
	objectVersion = 46;
	objects = {

/* Begin PBXBuildFile section */
		780426EE1DD60AE400878F72 /* CNLUIKitTools.h in Headers */ = {isa = PBXBuildFile; fileRef = 780426EC1DD60AE400878F72 /* CNLUIKitTools.h */; settings = {ATTRIBUTES = (Public, ); }; };
		780426F91DD60D0900878F72 /* CNLUIT+CGRect.swift in Sources */ = {isa = PBXBuildFile; fileRef = 780426F81DD60D0900878F72 /* CNLUIT+CGRect.swift */; };
		780426FB1DD60D3F00878F72 /* CNLUIT+UIColor.swift in Sources */ = {isa = PBXBuildFile; fileRef = 780426FA1DD60D3F00878F72 /* CNLUIT+UIColor.swift */; };
		780426FD1DD60D6900878F72 /* CNLUIT+CALayer.swift in Sources */ = {isa = PBXBuildFile; fileRef = 780426FC1DD60D6900878F72 /* CNLUIT+CALayer.swift */; };
		780426FF1DD60D8800878F72 /* CNLUIT+UIView.swift in Sources */ = {isa = PBXBuildFile; fileRef = 780426FE1DD60D8800878F72 /* CNLUIT+UIView.swift */; };
		780427011DD60DB100878F72 /* CNLUIT+UILabel.swift in Sources */ = {isa = PBXBuildFile; fileRef = 780427001DD60DB100878F72 /* CNLUIT+UILabel.swift */; };
		780427031DD60DF300878F72 /* CNLUIT+UIImage.swift in Sources */ = {isa = PBXBuildFile; fileRef = 780427021DD60DF300878F72 /* CNLUIT+UIImage.swift */; };
		780427051DD60E4100878F72 /* CNLUIT+UIImageView.swift in Sources */ = {isa = PBXBuildFile; fileRef = 780427041DD60E4100878F72 /* CNLUIT+UIImageView.swift */; };
		780427071DD60E7800878F72 /* CNLUIT+UITableView.swift in Sources */ = {isa = PBXBuildFile; fileRef = 780427061DD60E7800878F72 /* CNLUIT+UITableView.swift */; };
		780427091DD60EA200878F72 /* CNLUIT+UINavigationBar.swift in Sources */ = {isa = PBXBuildFile; fileRef = 780427081DD60EA200878F72 /* CNLUIT+UINavigationBar.swift */; };
		7804270B1DD60EC800878F72 /* CNLUIT+UINavigationController.swift in Sources */ = {isa = PBXBuildFile; fileRef = 7804270A1DD60EC800878F72 /* CNLUIT+UINavigationController.swift */; };
		781135911DD7860A000D94CD /* CNLQRCodeGenerator.swift in Sources */ = {isa = PBXBuildFile; fileRef = 781135901DD7860A000D94CD /* CNLQRCodeGenerator.swift */; };
		781135931DD78692000D94CD /* CNLSecuredTextEdit.swift in Sources */ = {isa = PBXBuildFile; fileRef = 781135921DD78692000D94CD /* CNLSecuredTextEdit.swift */; };
		781135951DD78773000D94CD /* CNLTopAlignedLabel.swift in Sources */ = {isa = PBXBuildFile; fileRef = 781135941DD78773000D94CD /* CNLTopAlignedLabel.swift */; };
		781135971DD78864000D94CD /* CNLCodeScanner.swift in Sources */ = {isa = PBXBuildFile; fileRef = 781135961DD78864000D94CD /* CNLCodeScanner.swift */; };
		7811359B1DD7907F000D94CD /* LICENSE in Resources */ = {isa = PBXBuildFile; fileRef = 781135991DD7907F000D94CD /* LICENSE */; };
		78124F621DE0847600F342B8 /* CNLTabBarController.swift in Sources */ = {isa = PBXBuildFile; fileRef = 78124F611DE0847600F342B8 /* CNLTabBarController.swift */; };
		7854EB8C1DD8D763005F024E /* CNLUIKitTools.swift in Sources */ = {isa = PBXBuildFile; fileRef = 7854EB8B1DD8D763005F024E /* CNLUIKitTools.swift */; };
		7865AF6B1DE771D000102671 /* CNLCheckBox.swift in Sources */ = {isa = PBXBuildFile; fileRef = 7865AF6A1DE771D000102671 /* CNLCheckBox.swift */; };
		949713A53EA1E0C433447949 /* Pods_CNLUIKitTools.framework in Frameworks */ = {isa = PBXBuildFile; fileRef = E5F00A2C1238F4A5897A91C6 /* Pods_CNLUIKitTools.framework */; };
/* End PBXBuildFile section */

/* Begin PBXFileReference section */
		4421681133494D690E79B0F2 /* Pods-CNLUIKitTools.release.xcconfig */ = {isa = PBXFileReference; includeInIndex = 1; lastKnownFileType = text.xcconfig; name = "Pods-CNLUIKitTools.release.xcconfig"; path = "Pods/Target Support Files/Pods-CNLUIKitTools/Pods-CNLUIKitTools.release.xcconfig"; sourceTree = "<group>"; };
		4EA3D40EA26D708902F4320C /* Pods-CNUIKitTools.release.xcconfig */ = {isa = PBXFileReference; includeInIndex = 1; lastKnownFileType = text.xcconfig; name = "Pods-CNUIKitTools.release.xcconfig"; path = "Pods/Target Support Files/Pods-CNUIKitTools/Pods-CNUIKitTools.release.xcconfig"; sourceTree = "<group>"; };
		73D88C5D66263026883190FD /* Pods-CNLUIKitTools.debug.xcconfig */ = {isa = PBXFileReference; includeInIndex = 1; lastKnownFileType = text.xcconfig; name = "Pods-CNLUIKitTools.debug.xcconfig"; path = "Pods/Target Support Files/Pods-CNLUIKitTools/Pods-CNLUIKitTools.debug.xcconfig"; sourceTree = "<group>"; };
		780426E91DD60AE400878F72 /* CNLUIKitTools.framework */ = {isa = PBXFileReference; explicitFileType = wrapper.framework; includeInIndex = 0; path = CNLUIKitTools.framework; sourceTree = BUILT_PRODUCTS_DIR; };
		780426EC1DD60AE400878F72 /* CNLUIKitTools.h */ = {isa = PBXFileReference; lastKnownFileType = sourcecode.c.h; name = CNLUIKitTools.h; path = CNLUIKitTools/CNLUIKitTools.h; sourceTree = "<group>"; };
		780426ED1DD60AE400878F72 /* Info.plist */ = {isa = PBXFileReference; lastKnownFileType = text.plist.xml; name = Info.plist; path = CNLUIKitTools/Info.plist; sourceTree = "<group>"; };
		780426F51DD60C3400878F72 /* CNLUIKitTools.podspec */ = {isa = PBXFileReference; fileEncoding = 4; lastKnownFileType = text; path = CNLUIKitTools.podspec; sourceTree = "<group>"; };
		780426F81DD60D0900878F72 /* CNLUIT+CGRect.swift */ = {isa = PBXFileReference; fileEncoding = 4; lastKnownFileType = sourcecode.swift; path = "CNLUIT+CGRect.swift"; sourceTree = "<group>"; };
		780426FA1DD60D3F00878F72 /* CNLUIT+UIColor.swift */ = {isa = PBXFileReference; fileEncoding = 4; lastKnownFileType = sourcecode.swift; path = "CNLUIT+UIColor.swift"; sourceTree = "<group>"; };
		780426FC1DD60D6900878F72 /* CNLUIT+CALayer.swift */ = {isa = PBXFileReference; fileEncoding = 4; lastKnownFileType = sourcecode.swift; path = "CNLUIT+CALayer.swift"; sourceTree = "<group>"; };
		780426FE1DD60D8800878F72 /* CNLUIT+UIView.swift */ = {isa = PBXFileReference; fileEncoding = 4; lastKnownFileType = sourcecode.swift; path = "CNLUIT+UIView.swift"; sourceTree = "<group>"; };
		780427001DD60DB100878F72 /* CNLUIT+UILabel.swift */ = {isa = PBXFileReference; fileEncoding = 4; lastKnownFileType = sourcecode.swift; path = "CNLUIT+UILabel.swift"; sourceTree = "<group>"; };
		780427021DD60DF300878F72 /* CNLUIT+UIImage.swift */ = {isa = PBXFileReference; fileEncoding = 4; lastKnownFileType = sourcecode.swift; path = "CNLUIT+UIImage.swift"; sourceTree = "<group>"; };
		780427041DD60E4100878F72 /* CNLUIT+UIImageView.swift */ = {isa = PBXFileReference; fileEncoding = 4; lastKnownFileType = sourcecode.swift; path = "CNLUIT+UIImageView.swift"; sourceTree = "<group>"; };
		780427061DD60E7800878F72 /* CNLUIT+UITableView.swift */ = {isa = PBXFileReference; fileEncoding = 4; lastKnownFileType = sourcecode.swift; path = "CNLUIT+UITableView.swift"; sourceTree = "<group>"; };
		780427081DD60EA200878F72 /* CNLUIT+UINavigationBar.swift */ = {isa = PBXFileReference; fileEncoding = 4; lastKnownFileType = sourcecode.swift; path = "CNLUIT+UINavigationBar.swift"; sourceTree = "<group>"; };
		7804270A1DD60EC800878F72 /* CNLUIT+UINavigationController.swift */ = {isa = PBXFileReference; fileEncoding = 4; lastKnownFileType = sourcecode.swift; path = "CNLUIT+UINavigationController.swift"; sourceTree = "<group>"; };
		781135901DD7860A000D94CD /* CNLQRCodeGenerator.swift */ = {isa = PBXFileReference; fileEncoding = 4; lastKnownFileType = sourcecode.swift; path = CNLQRCodeGenerator.swift; sourceTree = "<group>"; };
		781135921DD78692000D94CD /* CNLSecuredTextEdit.swift */ = {isa = PBXFileReference; fileEncoding = 4; lastKnownFileType = sourcecode.swift; path = CNLSecuredTextEdit.swift; sourceTree = "<group>"; };
		781135941DD78773000D94CD /* CNLTopAlignedLabel.swift */ = {isa = PBXFileReference; fileEncoding = 4; lastKnownFileType = sourcecode.swift; path = CNLTopAlignedLabel.swift; sourceTree = "<group>"; };
		781135961DD78864000D94CD /* CNLCodeScanner.swift */ = {isa = PBXFileReference; fileEncoding = 4; lastKnownFileType = sourcecode.swift; path = CNLCodeScanner.swift; sourceTree = "<group>"; };
		781135981DD7907F000D94CD /* README.md */ = {isa = PBXFileReference; fileEncoding = 4; lastKnownFileType = net.daringfireball.markdown; path = README.md; sourceTree = "<group>"; };
		781135991DD7907F000D94CD /* LICENSE */ = {isa = PBXFileReference; fileEncoding = 4; lastKnownFileType = text; path = LICENSE; sourceTree = "<group>"; };
		78124F611DE0847600F342B8 /* CNLTabBarController.swift */ = {isa = PBXFileReference; fileEncoding = 4; lastKnownFileType = sourcecode.swift; path = CNLTabBarController.swift; sourceTree = "<group>"; };
		7854EB8B1DD8D763005F024E /* CNLUIKitTools.swift */ = {isa = PBXFileReference; fileEncoding = 4; lastKnownFileType = sourcecode.swift; path = CNLUIKitTools.swift; sourceTree = "<group>"; };
		7865AF6A1DE771D000102671 /* CNLCheckBox.swift */ = {isa = PBXFileReference; fileEncoding = 4; lastKnownFileType = sourcecode.swift; path = CNLCheckBox.swift; sourceTree = "<group>"; };
		90CBEAD0BBAA5E36C753658C /* Pods_CNUIKitTools.framework */ = {isa = PBXFileReference; explicitFileType = wrapper.framework; includeInIndex = 0; path = Pods_CNUIKitTools.framework; sourceTree = BUILT_PRODUCTS_DIR; };
		E5F00A2C1238F4A5897A91C6 /* Pods_CNLUIKitTools.framework */ = {isa = PBXFileReference; explicitFileType = wrapper.framework; includeInIndex = 0; path = Pods_CNLUIKitTools.framework; sourceTree = BUILT_PRODUCTS_DIR; };
		ED479F79E4350344F2B0A809 /* Pods-CNUIKitTools.debug.xcconfig */ = {isa = PBXFileReference; includeInIndex = 1; lastKnownFileType = text.xcconfig; name = "Pods-CNUIKitTools.debug.xcconfig"; path = "Pods/Target Support Files/Pods-CNUIKitTools/Pods-CNUIKitTools.debug.xcconfig"; sourceTree = "<group>"; };
/* End PBXFileReference section */

/* Begin PBXFrameworksBuildPhase section */
		780426E51DD60AE400878F72 /* Frameworks */ = {
			isa = PBXFrameworksBuildPhase;
			buildActionMask = 2147483647;
			files = (
				949713A53EA1E0C433447949 /* Pods_CNLUIKitTools.framework in Frameworks */,
			);
			runOnlyForDeploymentPostprocessing = 0;
		};
/* End PBXFrameworksBuildPhase section */

/* Begin PBXGroup section */
		46B50BBFFD9D7A7E44CB2809 /* Pods */ = {
			isa = PBXGroup;
			children = (
				ED479F79E4350344F2B0A809 /* Pods-CNUIKitTools.debug.xcconfig */,
				4EA3D40EA26D708902F4320C /* Pods-CNUIKitTools.release.xcconfig */,
				73D88C5D66263026883190FD /* Pods-CNLUIKitTools.debug.xcconfig */,
				4421681133494D690E79B0F2 /* Pods-CNLUIKitTools.release.xcconfig */,
			);
			name = Pods;
			sourceTree = "<group>";
		};
		780426DF1DD60AE400878F72 = {
			isa = PBXGroup;
			children = (
				780426EB1DD60AE400878F72 /* CNLUIKitTools */,
				780426F41DD60B9900878F72 /* Supporting Files */,
				780426EA1DD60AE400878F72 /* Products */,
				46B50BBFFD9D7A7E44CB2809 /* Pods */,
				8DD9AF3BABD652D028BBE4A0 /* Frameworks */,
			);
			sourceTree = "<group>";
		};
		780426EA1DD60AE400878F72 /* Products */ = {
			isa = PBXGroup;
			children = (
				780426E91DD60AE400878F72 /* CNLUIKitTools.framework */,
			);
			name = Products;
			sourceTree = "<group>";
		};
		780426EB1DD60AE400878F72 /* CNLUIKitTools */ = {
			isa = PBXGroup;
			children = (
				78124F611DE0847600F342B8 /* CNLTabBarController.swift */,
				781135901DD7860A000D94CD /* CNLQRCodeGenerator.swift */,
				781135921DD78692000D94CD /* CNLSecuredTextEdit.swift */,
				781135941DD78773000D94CD /* CNLTopAlignedLabel.swift */,
				781135961DD78864000D94CD /* CNLCodeScanner.swift */,
				7865AF6A1DE771D000102671 /* CNLCheckBox.swift */,
				7854EB8B1DD8D763005F024E /* CNLUIKitTools.swift */,
				780426F71DD60CE900878F72 /* Extensions */,
			);
			path = CNLUIKitTools;
			sourceTree = "<group>";
		};
		780426F41DD60B9900878F72 /* Supporting Files */ = {
			isa = PBXGroup;
			children = (
				781135981DD7907F000D94CD /* README.md */,
				781135991DD7907F000D94CD /* LICENSE */,
				780426F51DD60C3400878F72 /* CNLUIKitTools.podspec */,
				780426EC1DD60AE400878F72 /* CNLUIKitTools.h */,
				780426ED1DD60AE400878F72 /* Info.plist */,
			);
			name = "Supporting Files";
			sourceTree = "<group>";
		};
		780426F71DD60CE900878F72 /* Extensions */ = {
			isa = PBXGroup;
			children = (
				780426F81DD60D0900878F72 /* CNLUIT+CGRect.swift */,
				780426FA1DD60D3F00878F72 /* CNLUIT+UIColor.swift */,
				780426FC1DD60D6900878F72 /* CNLUIT+CALayer.swift */,
				780426FE1DD60D8800878F72 /* CNLUIT+UIView.swift */,
				780427001DD60DB100878F72 /* CNLUIT+UILabel.swift */,
				780427021DD60DF300878F72 /* CNLUIT+UIImage.swift */,
				780427041DD60E4100878F72 /* CNLUIT+UIImageView.swift */,
				780427061DD60E7800878F72 /* CNLUIT+UITableView.swift */,
				780427081DD60EA200878F72 /* CNLUIT+UINavigationBar.swift */,
				7804270A1DD60EC800878F72 /* CNLUIT+UINavigationController.swift */,
			);
			name = Extensions;
			sourceTree = "<group>";
		};
		8DD9AF3BABD652D028BBE4A0 /* Frameworks */ = {
			isa = PBXGroup;
			children = (
				90CBEAD0BBAA5E36C753658C /* Pods_CNUIKitTools.framework */,
				E5F00A2C1238F4A5897A91C6 /* Pods_CNLUIKitTools.framework */,
			);
			name = Frameworks;
			sourceTree = "<group>";
		};
/* End PBXGroup section */

/* Begin PBXHeadersBuildPhase section */
		780426E61DD60AE400878F72 /* Headers */ = {
			isa = PBXHeadersBuildPhase;
			buildActionMask = 2147483647;
			files = (
				780426EE1DD60AE400878F72 /* CNLUIKitTools.h in Headers */,
			);
			runOnlyForDeploymentPostprocessing = 0;
		};
/* End PBXHeadersBuildPhase section */

/* Begin PBXNativeTarget section */
		780426E81DD60AE400878F72 /* CNLUIKitTools */ = {
			isa = PBXNativeTarget;
			buildConfigurationList = 780426F11DD60AE400878F72 /* Build configuration list for PBXNativeTarget "CNLUIKitTools" */;
			buildPhases = (
				52B209CFB16F2E243CD7CF87 /* [CP] Check Pods Manifest.lock */,
				780426E41DD60AE400878F72 /* Sources */,
				780426E51DD60AE400878F72 /* Frameworks */,
				780426E61DD60AE400878F72 /* Headers */,
				780426E71DD60AE400878F72 /* Resources */,
				3D8CFEE5EB55B43B8805251F /* [CP] Copy Pods Resources */,
			);
			buildRules = (
			);
			dependencies = (
			);
			name = CNLUIKitTools;
			productName = CNUIKitTools;
			productReference = 780426E91DD60AE400878F72 /* CNLUIKitTools.framework */;
			productType = "com.apple.product-type.framework";
		};
/* End PBXNativeTarget section */

/* Begin PBXProject section */
		780426E01DD60AE400878F72 /* Project object */ = {
			isa = PBXProject;
			attributes = {
				LastUpgradeCheck = 0810;
				ORGANIZATIONNAME = "Complex Numbers";
				TargetAttributes = {
					780426E81DD60AE400878F72 = {
						CreatedOnToolsVersion = 8.1;
						LastSwiftMigration = 0810;
						ProvisioningStyle = Automatic;
					};
				};
			};
			buildConfigurationList = 780426E31DD60AE400878F72 /* Build configuration list for PBXProject "CNLUIKitTools" */;
			compatibilityVersion = "Xcode 3.2";
			developmentRegion = English;
			hasScannedForEncodings = 0;
			knownRegions = (
				en,
			);
			mainGroup = 780426DF1DD60AE400878F72;
			productRefGroup = 780426EA1DD60AE400878F72 /* Products */;
			projectDirPath = "";
			projectRoot = "";
			targets = (
				780426E81DD60AE400878F72 /* CNLUIKitTools */,
			);
		};
/* End PBXProject section */

/* Begin PBXResourcesBuildPhase section */
		780426E71DD60AE400878F72 /* Resources */ = {
			isa = PBXResourcesBuildPhase;
			buildActionMask = 2147483647;
			files = (
				7811359B1DD7907F000D94CD /* LICENSE in Resources */,
			);
			runOnlyForDeploymentPostprocessing = 0;
		};
/* End PBXResourcesBuildPhase section */

/* Begin PBXShellScriptBuildPhase section */
		3D8CFEE5EB55B43B8805251F /* [CP] Copy Pods Resources */ = {
			isa = PBXShellScriptBuildPhase;
			buildActionMask = 2147483647;
			files = (
			);
			inputPaths = (
			);
			name = "[CP] Copy Pods Resources";
			outputPaths = (
			);
			runOnlyForDeploymentPostprocessing = 0;
			shellPath = /bin/sh;
			shellScript = "\"${SRCROOT}/Pods/Target Support Files/Pods-CNLUIKitTools/Pods-CNLUIKitTools-resources.sh\"\n";
			showEnvVarsInLog = 0;
		};
		52B209CFB16F2E243CD7CF87 /* [CP] Check Pods Manifest.lock */ = {
			isa = PBXShellScriptBuildPhase;
			buildActionMask = 2147483647;
			files = (
			);
			inputPaths = (
			);
			name = "[CP] Check Pods Manifest.lock";
			outputPaths = (
			);
			runOnlyForDeploymentPostprocessing = 0;
			shellPath = /bin/sh;
			shellScript = "diff \"${PODS_ROOT}/../Podfile.lock\" \"${PODS_ROOT}/Manifest.lock\" > /dev/null\nif [ $? != 0 ] ; then\n    # print error to STDERR\n    echo \"error: The sandbox is not in sync with the Podfile.lock. Run 'pod install' or update your CocoaPods installation.\" >&2\n    exit 1\nfi\n";
			showEnvVarsInLog = 0;
		};
/* End PBXShellScriptBuildPhase section */

/* Begin PBXSourcesBuildPhase section */
		780426E41DD60AE400878F72 /* Sources */ = {
			isa = PBXSourcesBuildPhase;
			buildActionMask = 2147483647;
			files = (
				780426FF1DD60D8800878F72 /* CNLUIT+UIView.swift in Sources */,
				78124F621DE0847600F342B8 /* CNLTabBarController.swift in Sources */,
				7804270B1DD60EC800878F72 /* CNLUIT+UINavigationController.swift in Sources */,
				7854EB8C1DD8D763005F024E /* CNLUIKitTools.swift in Sources */,
				780427091DD60EA200878F72 /* CNLUIT+UINavigationBar.swift in Sources */,
				780427071DD60E7800878F72 /* CNLUIT+UITableView.swift in Sources */,
				781135971DD78864000D94CD /* CNLCodeScanner.swift in Sources */,
				780426FD1DD60D6900878F72 /* CNLUIT+CALayer.swift in Sources */,
				781135931DD78692000D94CD /* CNLSecuredTextEdit.swift in Sources */,
				781135951DD78773000D94CD /* CNLTopAlignedLabel.swift in Sources */,
				781135911DD7860A000D94CD /* CNLQRCodeGenerator.swift in Sources */,
				780426F91DD60D0900878F72 /* CNLUIT+CGRect.swift in Sources */,
				780427051DD60E4100878F72 /* CNLUIT+UIImageView.swift in Sources */,
				780426FB1DD60D3F00878F72 /* CNLUIT+UIColor.swift in Sources */,
				780427011DD60DB100878F72 /* CNLUIT+UILabel.swift in Sources */,
				780427031DD60DF300878F72 /* CNLUIT+UIImage.swift in Sources */,
				7865AF6B1DE771D000102671 /* CNLCheckBox.swift in Sources */,
			);
			runOnlyForDeploymentPostprocessing = 0;
		};
/* End PBXSourcesBuildPhase section */

/* Begin XCBuildConfiguration section */
		780426EF1DD60AE400878F72 /* Debug */ = {
			isa = XCBuildConfiguration;
			buildSettings = {
				ALWAYS_SEARCH_USER_PATHS = NO;
				CLANG_ANALYZER_NONNULL = YES;
				CLANG_CXX_LANGUAGE_STANDARD = "gnu++0x";
				CLANG_CXX_LIBRARY = "libc++";
				CLANG_ENABLE_MODULES = YES;
				CLANG_ENABLE_OBJC_ARC = YES;
				CLANG_WARN_BOOL_CONVERSION = YES;
				CLANG_WARN_CONSTANT_CONVERSION = YES;
				CLANG_WARN_DIRECT_OBJC_ISA_USAGE = YES_ERROR;
				CLANG_WARN_DOCUMENTATION_COMMENTS = YES;
				CLANG_WARN_EMPTY_BODY = YES;
				CLANG_WARN_ENUM_CONVERSION = YES;
				CLANG_WARN_INFINITE_RECURSION = YES;
				CLANG_WARN_INT_CONVERSION = YES;
				CLANG_WARN_OBJC_ROOT_CLASS = YES_ERROR;
				CLANG_WARN_SUSPICIOUS_MOVES = YES;
				CLANG_WARN_UNREACHABLE_CODE = YES;
				CLANG_WARN__DUPLICATE_METHOD_MATCH = YES;
				"CODE_SIGN_IDENTITY[sdk=iphoneos*]" = "iPhone Developer";
				COPY_PHASE_STRIP = NO;
				CURRENT_PROJECT_VERSION = 1;
				DEBUG_INFORMATION_FORMAT = dwarf;
				ENABLE_STRICT_OBJC_MSGSEND = YES;
				ENABLE_TESTABILITY = YES;
				GCC_C_LANGUAGE_STANDARD = gnu99;
				GCC_DYNAMIC_NO_PIC = NO;
				GCC_NO_COMMON_BLOCKS = YES;
				GCC_OPTIMIZATION_LEVEL = 0;
				GCC_PREPROCESSOR_DEFINITIONS = (
					"DEBUG=1",
					"$(inherited)",
				);
				GCC_WARN_64_TO_32_BIT_CONVERSION = YES;
				GCC_WARN_ABOUT_RETURN_TYPE = YES_ERROR;
				GCC_WARN_UNDECLARED_SELECTOR = YES;
				GCC_WARN_UNINITIALIZED_AUTOS = YES_AGGRESSIVE;
				GCC_WARN_UNUSED_FUNCTION = YES;
				GCC_WARN_UNUSED_VARIABLE = YES;
				IPHONEOS_DEPLOYMENT_TARGET = 8.0;
				MTL_ENABLE_DEBUG_INFO = YES;
				ONLY_ACTIVE_ARCH = YES;
				SDKROOT = iphoneos;
				SWIFT_ACTIVE_COMPILATION_CONDITIONS = DEBUG;
				SWIFT_OPTIMIZATION_LEVEL = "-Onone";
				TARGETED_DEVICE_FAMILY = "1,2";
				VERSIONING_SYSTEM = "apple-generic";
				VERSION_INFO_PREFIX = "";
			};
			name = Debug;
		};
		780426F01DD60AE400878F72 /* Release */ = {
			isa = XCBuildConfiguration;
			buildSettings = {
				ALWAYS_SEARCH_USER_PATHS = NO;
				CLANG_ANALYZER_NONNULL = YES;
				CLANG_CXX_LANGUAGE_STANDARD = "gnu++0x";
				CLANG_CXX_LIBRARY = "libc++";
				CLANG_ENABLE_MODULES = YES;
				CLANG_ENABLE_OBJC_ARC = YES;
				CLANG_WARN_BOOL_CONVERSION = YES;
				CLANG_WARN_CONSTANT_CONVERSION = YES;
				CLANG_WARN_DIRECT_OBJC_ISA_USAGE = YES_ERROR;
				CLANG_WARN_DOCUMENTATION_COMMENTS = YES;
				CLANG_WARN_EMPTY_BODY = YES;
				CLANG_WARN_ENUM_CONVERSION = YES;
				CLANG_WARN_INFINITE_RECURSION = YES;
				CLANG_WARN_INT_CONVERSION = YES;
				CLANG_WARN_OBJC_ROOT_CLASS = YES_ERROR;
				CLANG_WARN_SUSPICIOUS_MOVES = YES;
				CLANG_WARN_UNREACHABLE_CODE = YES;
				CLANG_WARN__DUPLICATE_METHOD_MATCH = YES;
				"CODE_SIGN_IDENTITY[sdk=iphoneos*]" = "iPhone Developer";
				COPY_PHASE_STRIP = NO;
				CURRENT_PROJECT_VERSION = 1;
				DEBUG_INFORMATION_FORMAT = "dwarf-with-dsym";
				ENABLE_NS_ASSERTIONS = NO;
				ENABLE_STRICT_OBJC_MSGSEND = YES;
				GCC_C_LANGUAGE_STANDARD = gnu99;
				GCC_NO_COMMON_BLOCKS = YES;
				GCC_WARN_64_TO_32_BIT_CONVERSION = YES;
				GCC_WARN_ABOUT_RETURN_TYPE = YES_ERROR;
				GCC_WARN_UNDECLARED_SELECTOR = YES;
				GCC_WARN_UNINITIALIZED_AUTOS = YES_AGGRESSIVE;
				GCC_WARN_UNUSED_FUNCTION = YES;
				GCC_WARN_UNUSED_VARIABLE = YES;
				IPHONEOS_DEPLOYMENT_TARGET = 8.0;
				MTL_ENABLE_DEBUG_INFO = NO;
				SDKROOT = iphoneos;
				SWIFT_OPTIMIZATION_LEVEL = "-Owholemodule";
				TARGETED_DEVICE_FAMILY = "1,2";
				VALIDATE_PRODUCT = YES;
				VERSIONING_SYSTEM = "apple-generic";
				VERSION_INFO_PREFIX = "";
			};
			name = Release;
		};
		780426F21DD60AE400878F72 /* Debug */ = {
			isa = XCBuildConfiguration;
			baseConfigurationReference = 73D88C5D66263026883190FD /* Pods-CNLUIKitTools.debug.xcconfig */;
			buildSettings = {
				CLANG_ENABLE_MODULES = YES;
				CODE_SIGN_IDENTITY = "";
				DEFINES_MODULE = YES;
				DYLIB_COMPATIBILITY_VERSION = 1;
				DYLIB_CURRENT_VERSION = 1;
				DYLIB_INSTALL_NAME_BASE = "@rpath";
				INFOPLIST_FILE = CNLUIKitTools/Info.plist;
				INSTALL_PATH = "$(LOCAL_LIBRARY_DIR)/Frameworks";
				LD_RUNPATH_SEARCH_PATHS = "$(inherited) @executable_path/Frameworks @loader_path/Frameworks";
				PRODUCT_BUNDLE_IDENTIFIER = ru.complexnumbers.CNLUIKitTools;
				PRODUCT_NAME = "$(TARGET_NAME)";
				SKIP_INSTALL = YES;
				SWIFT_OPTIMIZATION_LEVEL = "-Onone";
				SWIFT_VERSION = 3.0;
			};
			name = Debug;
		};
		780426F31DD60AE400878F72 /* Release */ = {
			isa = XCBuildConfiguration;
			baseConfigurationReference = 4421681133494D690E79B0F2 /* Pods-CNLUIKitTools.release.xcconfig */;
			buildSettings = {
				CLANG_ENABLE_MODULES = YES;
				CODE_SIGN_IDENTITY = "";
				DEFINES_MODULE = YES;
				DYLIB_COMPATIBILITY_VERSION = 1;
				DYLIB_CURRENT_VERSION = 1;
				DYLIB_INSTALL_NAME_BASE = "@rpath";
				INFOPLIST_FILE = CNLUIKitTools/Info.plist;
				INSTALL_PATH = "$(LOCAL_LIBRARY_DIR)/Frameworks";
				LD_RUNPATH_SEARCH_PATHS = "$(inherited) @executable_path/Frameworks @loader_path/Frameworks";
				PRODUCT_BUNDLE_IDENTIFIER = ru.complexnumbers.CNLUIKitTools;
				PRODUCT_NAME = "$(TARGET_NAME)";
				SKIP_INSTALL = YES;
				SWIFT_VERSION = 3.0;
			};
			name = Release;
		};
/* End XCBuildConfiguration section */

/* Begin XCConfigurationList section */
		780426E31DD60AE400878F72 /* Build configuration list for PBXProject "CNLUIKitTools" */ = {
			isa = XCConfigurationList;
			buildConfigurations = (
				780426EF1DD60AE400878F72 /* Debug */,
				780426F01DD60AE400878F72 /* Release */,
			);
			defaultConfigurationIsVisible = 0;
			defaultConfigurationName = Release;
		};
		780426F11DD60AE400878F72 /* Build configuration list for PBXNativeTarget "CNLUIKitTools" */ = {
			isa = XCConfigurationList;
			buildConfigurations = (
				780426F21DD60AE400878F72 /* Debug */,
				780426F31DD60AE400878F72 /* Release */,
			);
			defaultConfigurationIsVisible = 0;
			defaultConfigurationName = Release;
		};
/* End XCConfigurationList section */
	};
	rootObject = 780426E01DD60AE400878F72 /* Project object */;
}
